
Microsoft Visual Studio Solution File, Format Version 12.00
# Visual Studio 15
VisualStudioVersion = 15.0.27703.2026
MinimumVisualStudioVersion = 10.0.40219.1
Project("{FAE04EC0-301F-11D3-BF4B-00C04F79EFBC}") = "WeatherCrawler", "WeatherCrawler\WeatherCrawler.csproj", "{8D82385D-EA7F-4774-ACC0-3B42639A1207}"
EndProject
Global
	GlobalSection(SolutionConfigurationPlatforms) = preSolution
		Debug|Any CPU = Debug|Any CPU
		Release|Any CPU = Release|Any CPU
	EndGlobalSection
	GlobalSection(ProjectConfigurationPlatforms) = postSolution
		{8D82385D-EA7F-4774-ACC0-3B42639A1207}.Debug|Any CPU.ActiveCfg = Debug|Any CPU
		{8D82385D-EA7F-4774-ACC0-3B42639A1207}.Debug|Any CPU.Build.0 = Debug|Any CPU
		{8D82385D-EA7F-4774-ACC0-3B42639A1207}.Release|Any CPU.ActiveCfg = Release|Any CPU
		{8D82385D-EA7F-4774-ACC0-3B42639A1207}.Release|Any CPU.Build.0 = Release|Any CPU
	EndGlobalSection
	GlobalSection(SolutionProperties) = preSolution
		HideSolutionNode = FALSE
	EndGlobalSection
	GlobalSection(ExtensibilityGlobals) = postSolution
		SolutionGuid = {DFF9082D-1429-4E21-B1E5-87D69A7F9019}
	EndGlobalSection
EndGlobal
